<?xml version="1.0" encoding="utf-8"?>
<Project ToolsVersion="4.0" xmlns="http://schemas.microsoft.com/developer/msbuild/2003">
  <ItemGroup>
    <Filter Include="Source Files">
      <UniqueIdentifier>{4FC737F1-C7A5-4376-A066-2A32D752A2FF}</UniqueIdentifier>
      <Extensions>cpp;c;cc;cxx;c++;cppm;ixx;def;odl;idl;hpj;bat;asm;asmx</Extensions>
    </Filter>
    <Filter Include="Header Files">
      <UniqueIdentifier>{93995380-89BD-4b04-88EB-625FBE52EBFB}</UniqueIdentifier>
      <Extensions>h;hh;hpp;hxx;h++;hm;inl;inc;ipp;xsd</Extensions>
    </Filter>
    <Filter Include="Resource Files">
      <UniqueIdentifier>{67DA6AB6-F800-4c08-8B7A-83BB121AAD01}</UniqueIdentifier>
      <Extensions>rc;ico;cur;bmp;dlg;rc2;rct;bin;rgs;gif;jpg;jpeg;jpe;resx;tiff;tif;png;wav;mfcribbon-ms</Extensions>
    </Filter>
  </ItemGroup>
  <ItemGroup>
    <ClCompile Include="source\tetris.cpp">
      <Filter>Source Files</Filter>
    </ClCompile>
    <ClCompile Include="source\drawing\render_engine.cpp">
      <Filter>Source Files</Filter>
    </ClCompile>
    <ClCompile Include="source\drawing\coordinate.cpp">
      <Filter>Source Files</Filter>
    </ClCompile>
    <ClCompile Include="source\drawing\primitive.cpp">
      <Filter>Source Files</Filter>
    </ClCompile>
    <ClCompile Include="source\drawing\primitive_color.cpp">
      <Filter>Source Files</Filter>
    </ClCompile>
    <ClCompile Include="source\utils\raw_vector.cpp">
      <Filter>Source Files</Filter>
    </ClCompile>
    <ClCompile Include="source\drawing\font_engine.cpp">
      <Filter>Source Files</Filter>
    </ClCompile>
    <ClCompile Include="source\drawing\window.cpp">
      <Filter>Source Files</Filter>
    </ClCompile>
    <ClCompile Include="source\ui\ui.cpp">
      <Filter>Source Files</Filter>
    </ClCompile>
    <ClCompile Include="source\game\game.cpp">
      <Filter>Source Files</Filter>
    </ClCompile>
  </ItemGroup>
  <ItemGroup>
    <ClInclude Include="source\tetris.hpp">
      <Filter>Header Files</Filter>
    </ClInclude>
    <ClInclude Include="source\drawing\render_engine.hpp">
      <Filter>Header Files</Filter>
    </ClInclude>
    <ClInclude Include="source\utils\utils.hpp">
      <Filter>Header Files</Filter>
    </ClInclude>
    <ClInclude Include="source\utils\singleton.hpp">
      <Filter>Header Files</Filter>
    </ClInclude>
    <ClInclude Include="source\drawing\drawing.hpp">
      <Filter>Header Files</Filter>
    </ClInclude>
    <ClInclude Include="source\utils\i_base.hpp">
      <Filter>Header Files</Filter>
    </ClInclude>
    <ClInclude Include="source\drawing\shaders.hpp">
      <Filter>Header Files</Filter>
    </ClInclude>
    <ClInclude Include="source\drawing\coordinate.hpp">
      <Filter>Header Files</Filter>
    </ClInclude>
    <ClInclude Include="source\utils\vector.hpp">
      <Filter>Header Files</Filter>
    </ClInclude>
    <ClInclude Include="source\drawing\primitive.hpp">
      <Filter>Header Files</Filter>
    </ClInclude>
    <ClInclude Include="source\drawing\primitive_color.hpp">
      <Filter>Header Files</Filter>
    </ClInclude>
    <ClInclude Include="source\utils\raw_vector.hpp">
      <Filter>Header Files</Filter>
    </ClInclude>
    <ClInclude Include="source\drawing\font_engine.hpp">
      <Filter>Header Files</Filter>
    </ClInclude>
    <ClInclude Include="source\utils\files.hpp">
      <Filter>Header Files</Filter>
    </ClInclude>
    <ClInclude Include="source\utils\bitmap.hpp">
      <Filter>Header Files</Filter>
    </ClInclude>
    <ClInclude Include="source\drawing\types.hpp">
      <Filter>Header Files</Filter>
    </ClInclude>
    <ClInclude Include="source\ui\ui.hpp">
      <Filter>Header Files</Filter>
    </ClInclude>
    <ClInclude Include="source\ui\i_drawable.hpp">
      <Filter>Header Files</Filter>
    </ClInclude>
    <ClInclude Include="source\ui\button.hpp">
      <Filter>Header Files</Filter>
    </ClInclude>
    <ClInclude Include="source\ui\container.hpp">
      <Filter>Header Files</Filter>
    </ClInclude>
    <ClInclude Include="source\drawing\window.hpp">
      <Filter>Header Files</Filter>
    </ClInclude>
    <ClInclude Include="source\ui\text.hpp">
      <Filter>Header Files</Filter>
    </ClInclude>
    <ClInclude Include="source\game\game.hpp">
      <Filter>Header Files</Filter>
    </ClInclude>
    <ClInclude Include="source\game\block_manager.hpp">
      <Filter>Header Files</Filter>
    </ClInclude>
  </ItemGroup>
  <ItemGroup>
    <None Include="source\utils\utils.ipp">
      <Filter>Header Files</Filter>
    </None>
  </ItemGroup>
</Project>